
Microsoft Visual Studio Solution File, Format Version 12.00
# Visual Studio Version 17
VisualStudioVersion = 17.3.32922.545
MinimumVisualStudioVersion = 10.0.40219.1
Project("{FAE04EC0-301F-11D3-BF4B-00C04F79EFBC}") = "HelloApp", "HelloApp.csproj", "{9BD394B2-BF0D-4FF5-BE66-1C9DAFBF3C59}"
EndProject
Global
	GlobalSection(SolutionConfigurationPlatforms) = preSolution
		Debug|Any CPU = Debug|Any CPU
		Release|Any CPU = Release|Any CPU
	EndGlobalSection
	GlobalSection(ProjectConfigurationPlatforms) = postSolution
		{9BD394B2-BF0D-4FF5-BE66-1C9DAFBF3C59}.Debug|Any CPU.ActiveCfg = Debug|Any CPU
		{9BD394B2-BF0D-4FF5-BE66-1C9DAFBF3C59}.Debug|Any CPU.Build.0 = Debug|Any CPU
		{9BD394B2-BF0D-4FF5-BE66-1C9DAFBF3C59}.Release|Any CPU.ActiveCfg = Release|Any CPU
		{9BD394B2-BF0D-4FF5-BE66-1C9DAFBF3C59}.Release|Any CPU.Build.0 = Release|Any CPU
	EndGlobalSection
	GlobalSection(SolutionProperties) = preSolution
		HideSolutionNode = FALSE
	EndGlobalSection
	GlobalSection(ExtensibilityGlobals) = postSolution
		SolutionGuid = {4EC4FDA8-99F6-4078-AF63-F806D1F51BD9}
	EndGlobalSection
EndGlobal
